
Microsoft Visual Studio Solution File, Format Version 12.00
# Visual Studio Version 16
VisualStudioVersion = 16.0.28803.452
MinimumVisualStudioVersion = 10.0.40219.1
Project("{FAE04EC0-301F-11D3-BF4B-00C04F79EFBC}") = "Application.Test", "Application.Test\Application.Test.csproj", "{75AB9B37-DA70-406E-B123-C6C0DD9F3ED7}"
EndProject
Project("{FAE04EC0-301F-11D3-BF4B-00C04F79EFBC}") = "Application", "Application\Application.csproj", "{D2D387EE-ECAF-4300-BFB3-31B73BDB19D4}"
EndProject
Global
	GlobalSection(SolutionConfigurationPlatforms) = preSolution
		Debug|Any CPU = Debug|Any CPU
		Release|Any CPU = Release|Any CPU
	EndGlobalSection
	GlobalSection(ProjectConfigurationPlatforms) = postSolution
		{75AB9B37-DA70-406E-B123-C6C0DD9F3ED7}.Debug|Any CPU.ActiveCfg = Debug|Any CPU
		{75AB9B37-DA70-406E-B123-C6C0DD9F3ED7}.Debug|Any CPU.Build.0 = Debug|Any CPU
		{75AB9B37-DA70-406E-B123-C6C0DD9F3ED7}.Release|Any CPU.ActiveCfg = Release|Any CPU
		{75AB9B37-DA70-406E-B123-C6C0DD9F3ED7}.Release|Any CPU.Build.0 = Release|Any CPU
		{D2D387EE-ECAF-4300-BFB3-31B73BDB19D4}.Debug|Any CPU.ActiveCfg = Debug|Any CPU
		{D2D387EE-ECAF-4300-BFB3-31B73BDB19D4}.Debug|Any CPU.Build.0 = Debug|Any CPU
		{D2D387EE-ECAF-4300-BFB3-31B73BDB19D4}.Release|Any CPU.ActiveCfg = Release|Any CPU
		{D2D387EE-ECAF-4300-BFB3-31B73BDB19D4}.Release|Any CPU.Build.0 = Release|Any CPU
	EndGlobalSection
	GlobalSection(SolutionProperties) = preSolution
		HideSolutionNode = FALSE
	EndGlobalSection
	GlobalSection(ExtensibilityGlobals) = postSolution
		SolutionGuid = {25735070-74A7-40CD-8B88-B08A6948B458}
	EndGlobalSection
EndGlobal
